<?xml version="1.0" encoding="utf-8"?>
<Project ToolsVersion="4.0" xmlns="http://schemas.microsoft.com/developer/msbuild/2003">
  <ItemGroup>
    <ClCompile Include="dllmain.cpp" />
    <ClCompile Include="machip.cpp">
      <Filter>machip</Filter>
    </ClCompile>
    <ClCompile Include="MinHook\buffer.c">
      <Filter>sdk\hook</Filter>
    </ClCompile>
    <ClCompile Include="MinHook\hook.c">
      <Filter>sdk\hook</Filter>
    </ClCompile>
    <ClCompile Include="MinHook\trampoline.c">
      <Filter>sdk\hook</Filter>
    </ClCompile>
    <ClCompile Include="MinHook\hde\hde32.c">
      <Filter>sdk\hook\hde</Filter>
    </ClCompile>
    <ClCompile Include="MinHook\hde\hde64.c">
      <Filter>sdk\hook\hde</Filter>
    </ClCompile>
    <ClCompile Include="swapbuffers.cpp">
      <Filter>machip\hooks</Filter>
    </ClCompile>
    <ClCompile Include="wndproc.cpp">
      <Filter>machip\hooks</Filter>
    </ClCompile>
    <ClCompile Include="minecraft.cpp">
      <Filter>sdk\minecraft</Filter>
    </ClCompile>
    <ClCompile Include="player.cpp">
      <Filter>sdk\minecraft\player</Filter>
    </ClCompile>
    <ClCompile Include="world.cpp">
      <Filter>sdk\minecraft\world</Filter>
    </ClCompile>
    <ClCompile Include="timer.cpp">
      <Filter>sdk\utils\timer</Filter>
    </ClCompile>
    <ClCompile Include="module.cpp">
      <Filter>machip\cheat</Filter>
    </ClCompile>
    <ClCompile Include="keep_sprint.cpp">
      <Filter>machip\cheat\modules\keep_sprint</Filter>
    </ClCompile>
    <ClCompile Include="itemstack.cpp">
      <Filter>sdk\minecraft\itemstack</Filter>
    </ClCompile>
    <ClCompile Include="fastplace.cpp">
      <Filter>machip\cheat\modules\fastplace</Filter>
    </ClCompile>
    <ClCompile Include="fullbright.cpp">
      <Filter>machip\cheat\modules\fullbright</Filter>
    </ClCompile>
    <ClCompile Include="antiafk.cpp">
      <Filter>machip\cheat\modules\antiafk</Filter>
    </ClCompile>
    <ClCompile Include="bunnyhop.cpp">
      <Filter>machip\cheat\modules\bunnyhop</Filter>
    </ClCompile>
    <ClCompile Include="killaura.cpp">
      <Filter>machip\cheat\modules\killaura</Filter>
    </ClCompile>
    <ClCompile Include="timer_module.cpp">
      <Filter>machip\cheat\modules\timer</Filter>
    </ClCompile>
    <ClCompile Include="velocity.cpp">
      <Filter>machip\cheat\modules\velocity</Filter>
    </ClCompile>
    <ClCompile Include="scaffold.cpp">
      <Filter>machip\cheat\modules\scaffold</Filter>
    </ClCompile>
    <ClCompile Include="nofall.cpp">
      <Filter>machip\cheat\modules\nofall</Filter>
    </ClCompile>
    <ClCompile Include="noslowdown.cpp">
      <Filter>machip\cheat\modules\noslowdown</Filter>
    </ClCompile>
    <ClCompile Include="fly.cpp">
      <Filter>machip\cheat\modules\fly</Filter>
    </ClCompile>
    <ClCompile Include="chest_steal.cpp">
      <Filter>machip\cheat\modules\chest_steal</Filter>
    </ClCompile>
    <ClCompile Include="autoclick.cpp">
      <Filter>machip\cheat\modules\autoclick</Filter>
    </ClCompile>
    <ClCompile Include="autosoup.cpp">
      <Filter>machip\cheat\modules\autosoup</Filter>
    </ClCompile>
    <ClCompile Include="refill.cpp">
      <Filter>machip\cheat\modules\refill</Filter>
    </ClCompile>
    <ClCompile Include="jhook.cpp">
      <Filter>machip\hooks</Filter>
    </ClCompile>
    <ClCompile Include="reach.cpp">
      <Filter>machip\cheat\modules\reach</Filter>
    </ClCompile>
  </ItemGroup>
  <ItemGroup>
    <Filter Include="sdk">
      <UniqueIdentifier>{70e14320-c8eb-464a-bf54-8bb8690ae1b4}</UniqueIdentifier>
    </Filter>
    <Filter Include="sdk\hook">
      <UniqueIdentifier>{129aad5f-4545-4a64-bbd9-67e08afa975e}</UniqueIdentifier>
    </Filter>
    <Filter Include="sdk\hook\hde">
      <UniqueIdentifier>{e8959fd7-b2f6-41ad-aa72-f502c3a0ee94}</UniqueIdentifier>
    </Filter>
    <Filter Include="sdk\minecraft">
      <UniqueIdentifier>{cab20f6b-d426-42be-b710-bd988f2f471a}</UniqueIdentifier>
    </Filter>
    <Filter Include="sdk\minecraft\player">
      <UniqueIdentifier>{6be3d224-3c14-460e-a1db-30a035ff6752}</UniqueIdentifier>
    </Filter>
    <Filter Include="sdk\minecraft\world">
      <UniqueIdentifier>{ae985ea7-e558-4b48-b32a-65b608ce01ed}</UniqueIdentifier>
    </Filter>
    <Filter Include="sdk\utils">
      <UniqueIdentifier>{28ce08c3-7782-48af-9298-fbd0c81bd61b}</UniqueIdentifier>
    </Filter>
    <Filter Include="sdk\utils\timer">
      <UniqueIdentifier>{c68da441-565c-4d68-93d8-7a3097adc1c7}</UniqueIdentifier>
    </Filter>
    <Filter Include="sdk\libs">
      <UniqueIdentifier>{8c511eaf-363a-4ce7-9e9f-c60631e1a5ed}</UniqueIdentifier>
    </Filter>
    <Filter Include="machip">
      <UniqueIdentifier>{0c1cbcc2-d0ff-4408-899f-0637562b5ecb}</UniqueIdentifier>
    </Filter>
    <Filter Include="machip\hooks">
      <UniqueIdentifier>{10708d81-728a-4e1f-8816-a9368e84c1af}</UniqueIdentifier>
    </Filter>
    <Filter Include="machip\cheat">
      <UniqueIdentifier>{2f1d862a-1642-4dd0-8405-cc122c4ebf9e}</UniqueIdentifier>
    </Filter>
    <Filter Include="machip\cheat\modules">
      <UniqueIdentifier>{38dbe328-c8c3-4c17-974a-b5fc67de9e64}</UniqueIdentifier>
    </Filter>
    <Filter Include="machip\cheat\modules\keep_sprint">
      <UniqueIdentifier>{a573ddd5-c8b4-42d8-bdfd-ad0e8a7199c3}</UniqueIdentifier>
    </Filter>
    <Filter Include="sdk\minecraft\itemstack">
      <UniqueIdentifier>{786dbe43-5d1c-4a4f-a805-f69597a506af}</UniqueIdentifier>
    </Filter>
    <Filter Include="machip\cheat\modules\fastplace">
      <UniqueIdentifier>{bd15d6bb-97b1-4535-80a7-d6d1e385e2f4}</UniqueIdentifier>
    </Filter>
    <Filter Include="machip\cheat\modules\fullbright">
      <UniqueIdentifier>{c665c9e1-3ff9-45a2-b2e2-904466cca102}</UniqueIdentifier>
    </Filter>
    <Filter Include="machip\cheat\modules\antiafk">
      <UniqueIdentifier>{6821e4ec-2ecb-476e-bcf2-753d090a5c2b}</UniqueIdentifier>
    </Filter>
    <Filter Include="machip\cheat\modules\bunnyhop">
      <UniqueIdentifier>{7c81ee06-6d20-471c-b9a1-1f64264cd6f9}</UniqueIdentifier>
    </Filter>
    <Filter Include="machip\cheat\modules\killaura">
      <UniqueIdentifier>{fb6d6821-59f8-4fe5-8a7f-30d769ec1d2c}</UniqueIdentifier>
    </Filter>
    <Filter Include="machip\cheat\modules\timer">
      <UniqueIdentifier>{1ac6c9aa-b62a-4789-98e3-3afd4e231dcd}</UniqueIdentifier>
    </Filter>
    <Filter Include="machip\cheat\modules\velocity">
      <UniqueIdentifier>{f9a74113-84f1-4ce3-88b2-8b61ab128c7b}</UniqueIdentifier>
    </Filter>
    <Filter Include="machip\cheat\modules\scaffold">
      <UniqueIdentifier>{728279de-6aaf-4023-b864-51a8067b015e}</UniqueIdentifier>
    </Filter>
    <Filter Include="machip\cheat\modules\nofall">
      <UniqueIdentifier>{46b8270a-3356-4f8b-909d-10a3eefbd5c2}</UniqueIdentifier>
    </Filter>
    <Filter Include="machip\cheat\modules\noslowdown">
      <UniqueIdentifier>{97bdd5cc-28f7-4cb9-af6c-7fa953040a76}</UniqueIdentifier>
    </Filter>
    <Filter Include="machip\cheat\modules\fly">
      <UniqueIdentifier>{090fa788-3b70-4d90-92d0-04a8e958d714}</UniqueIdentifier>
    </Filter>
    <Filter Include="machip\cheat\modules\chest_steal">
      <UniqueIdentifier>{dcb9261d-69dd-4ad4-9132-1660c8de2bd2}</UniqueIdentifier>
    </Filter>
    <Filter Include="machip\cheat\modules\autoclick">
      <UniqueIdentifier>{937aa211-c52f-4543-8e12-127e397f6f04}</UniqueIdentifier>
    </Filter>
    <Filter Include="machip\cheat\modules\autosoup">
      <UniqueIdentifier>{0e80b662-fee5-4551-91a4-93fd379d4491}</UniqueIdentifier>
    </Filter>
    <Filter Include="machip\cheat\modules\refill">
      <UniqueIdentifier>{c4d41b63-ddad-4430-99e5-1084e59277c4}</UniqueIdentifier>
    </Filter>
    <Filter Include="machip\cheat\modules\reach">
      <UniqueIdentifier>{03fcd8a3-e06c-40e2-bc2e-0c4a87d033c5}</UniqueIdentifier>
    </Filter>
  </ItemGroup>
  <ItemGroup>
    <ClInclude Include="includes.h">
      <Filter>sdk</Filter>
    </ClInclude>
    <ClInclude Include="machip.h">
      <Filter>machip</Filter>
    </ClInclude>
    <ClInclude Include="MinHook\buffer.h">
      <Filter>sdk\hook</Filter>
    </ClInclude>
    <ClInclude Include="MinHook\MinHook.h">
      <Filter>sdk\hook</Filter>
    </ClInclude>
    <ClInclude Include="MinHook\trampoline.h">
      <Filter>sdk\hook</Filter>
    </ClInclude>
    <ClInclude Include="MinHook\hde\hde32.h">
      <Filter>sdk\hook\hde</Filter>
    </ClInclude>
    <ClInclude Include="MinHook\hde\hde64.h">
      <Filter>sdk\hook\hde</Filter>
    </ClInclude>
    <ClInclude Include="MinHook\hde\pstdint.h">
      <Filter>sdk\hook\hde</Filter>
    </ClInclude>
    <ClInclude Include="MinHook\hde\table32.h">
      <Filter>sdk\hook\hde</Filter>
    </ClInclude>
    <ClInclude Include="MinHook\hde\table64.h">
      <Filter>sdk\hook\hde</Filter>
    </ClInclude>
    <ClInclude Include="minecraft.h">
      <Filter>sdk\minecraft</Filter>
    </ClInclude>
    <ClInclude Include="player.h">
      <Filter>sdk\minecraft\player</Filter>
    </ClInclude>
    <ClInclude Include="world.h">
      <Filter>sdk\minecraft\world</Filter>
    </ClInclude>
    <ClInclude Include="utils.h">
      <Filter>sdk\utils</Filter>
    </ClInclude>
    <ClInclude Include="timer.h">
      <Filter>sdk\utils\timer</Filter>
    </ClInclude>
    <ClInclude Include="xorstr.h">
      <Filter>sdk\libs</Filter>
    </ClInclude>
    <ClInclude Include="module.h">
      <Filter>machip\cheat</Filter>
    </ClInclude>
    <ClInclude Include="wrapper.h">
      <Filter>sdk\libs</Filter>
    </ClInclude>
    <ClInclude Include="keep_sprint.h">
      <Filter>machip\cheat\modules\keep_sprint</Filter>
    </ClInclude>
    <ClInclude Include="itemstack.h">
      <Filter>sdk\minecraft\itemstack</Filter>
    </ClInclude>
    <ClInclude Include="fastplace.h">
      <Filter>machip\cheat\modules\fastplace</Filter>
    </ClInclude>
    <ClInclude Include="fullbright.h">
      <Filter>machip\cheat\modules\fullbright</Filter>
    </ClInclude>
    <ClInclude Include="antiafk.h">
      <Filter>machip\cheat\modules\antiafk</Filter>
    </ClInclude>
    <ClInclude Include="bunnyhop.h">
      <Filter>machip\cheat\modules\bunnyhop</Filter>
    </ClInclude>
    <ClInclude Include="killaura.h">
      <Filter>machip\cheat\modules\killaura</Filter>
    </ClInclude>
    <ClInclude Include="timer_module.h">
      <Filter>machip\cheat\modules\timer</Filter>
    </ClInclude>
    <ClInclude Include="velocity.h">
      <Filter>machip\cheat\modules\velocity</Filter>
    </ClInclude>
    <ClInclude Include="scaffold.h">
      <Filter>machip\cheat\modules\scaffold</Filter>
    </ClInclude>
    <ClInclude Include="nofall.h">
      <Filter>machip\cheat\modules\nofall</Filter>
    </ClInclude>
    <ClInclude Include="noslowdown.h">
      <Filter>machip\cheat\modules\noslowdown</Filter>
    </ClInclude>
    <ClInclude Include="fly.h">
      <Filter>machip\cheat\modules\fly</Filter>
    </ClInclude>
    <ClInclude Include="chest_steal.h">
      <Filter>machip\cheat\modules\chest_steal</Filter>
    </ClInclude>
    <ClInclude Include="autoclick.h">
      <Filter>machip\cheat\modules\autoclick</Filter>
    </ClInclude>
    <ClInclude Include="autosoup.h">
      <Filter>machip\cheat\modules\autosoup</Filter>
    </ClInclude>
    <ClInclude Include="refill.h">
      <Filter>machip\cheat\modules\refill</Filter>
    </ClInclude>
    <ClInclude Include="reach.h">
      <Filter>machip\cheat\modules\reach</Filter>
    </ClInclude>
  </ItemGroup>
</Project>