<?xml version="1.0" encoding="utf-8"?>
<Project ToolsVersion="4.0" xmlns="http://schemas.microsoft.com/developer/msbuild/2003">
  <ItemGroup>
    <Filter Include="main">
      <UniqueIdentifier>{4FC737F1-C7A5-4376-A066-2A32D752A2FF}</UniqueIdentifier>
      <Extensions>cpp;c;cc;cxx;c++;cppm;ixx;def;odl;idl;hpj;bat;asm;asmx</Extensions>
    </Filter>
    <Filter Include="sdk">
      <UniqueIdentifier>{272cac04-f5b2-44ea-8743-aa51c0bd5d7d}</UniqueIdentifier>
    </Filter>
    <Filter Include="sdk\imgui">
      <UniqueIdentifier>{c0a7fecf-5f5f-43f5-84c4-75bfb10ce818}</UniqueIdentifier>
    </Filter>
    <Filter Include="sdk\eventsystem">
      <UniqueIdentifier>{7942fc54-b00c-41db-98e4-0a06c3a440fc}</UniqueIdentifier>
    </Filter>
    <Filter Include="sdk\jvm_sdk">
      <UniqueIdentifier>{3d21b7d5-49d8-4867-a9a6-7a91ff8e34fd}</UniqueIdentifier>
    </Filter>
    <Filter Include="sdk\jni">
      <UniqueIdentifier>{03207d10-4c1c-44ba-b38c-dab7f8e15874}</UniqueIdentifier>
    </Filter>
    <Filter Include="sdk\mc_sdk">
      <UniqueIdentifier>{d334d235-e1da-4db0-b181-edb289b66838}</UniqueIdentifier>
    </Filter>
    <Filter Include="sdk\mc_sdk\renderer">
      <UniqueIdentifier>{ad2575e9-0825-4470-a4ac-5f46ae3ee653}</UniqueIdentifier>
    </Filter>
    <Filter Include="sdk\mc_sdk\settings">
      <UniqueIdentifier>{dad5188a-f9be-4165-855a-9bd5d843a137}</UniqueIdentifier>
    </Filter>
    <Filter Include="sdk\mc_sdk\util">
      <UniqueIdentifier>{baea0f77-2afc-48ad-a5f5-5b9efef79319}</UniqueIdentifier>
    </Filter>
    <Filter Include="sdk\mc_sdk\mappings">
      <UniqueIdentifier>{062aecf0-216a-43db-a537-103493b020c6}</UniqueIdentifier>
    </Filter>
    <Filter Include="sdk\minhook">
      <UniqueIdentifier>{1c6ff41a-6446-4e08-8fe8-f301d179f99b}</UniqueIdentifier>
    </Filter>
    <Filter Include="modules">
      <UniqueIdentifier>{eaa5cefb-453a-458d-89e5-d48bc16cd449}</UniqueIdentifier>
    </Filter>
    <Filter Include="modules\impl">
      <UniqueIdentifier>{cb2b93b0-b954-42b0-af1a-32db0fbbfbbd}</UniqueIdentifier>
    </Filter>
    <Filter Include="modules\impl\movement">
      <UniqueIdentifier>{5a433575-16cf-41ba-827f-1fefb69ed0ed}</UniqueIdentifier>
    </Filter>
    <Filter Include="modules\impl\render">
      <UniqueIdentifier>{2bfc2634-3039-4015-acf3-9bc2d0dc11fd}</UniqueIdentifier>
    </Filter>
    <Filter Include="modules\impl\combat">
      <UniqueIdentifier>{691a7f92-816c-4592-9e15-7caaa829f598}</UniqueIdentifier>
    </Filter>
    <Filter Include="sdk\util">
      <UniqueIdentifier>{f71fee37-43f8-4055-bd49-be5c67fe28a6}</UniqueIdentifier>
    </Filter>
    <Filter Include="sdk\util\Memory">
      <UniqueIdentifier>{69acfeae-1311-4e1d-b3c8-1aae499ea77a}</UniqueIdentifier>
    </Filter>
    <Filter Include="sdk\util\obf">
      <UniqueIdentifier>{0631a3ec-101e-4c30-acd4-6e456ff5b8e2}</UniqueIdentifier>
    </Filter>
    <Filter Include="sdk\util\Math">
      <UniqueIdentifier>{45642c3a-caa5-4438-aee3-3b5ddd742038}</UniqueIdentifier>
    </Filter>
    <Filter Include="modules\impl\Misc">
      <UniqueIdentifier>{709cb20c-532c-4223-9920-2cac15f43244}</UniqueIdentifier>
    </Filter>
    <Filter Include="modules\impl\Util">
      <UniqueIdentifier>{54701a7b-2da7-4d36-9029-44dc06cf4910}</UniqueIdentifier>
    </Filter>
  </ItemGroup>
  <ItemGroup>
    <ClInclude Include="CArray.hpp">
      <Filter>sdk\jvm_sdk</Filter>
    </ClInclude>
    <ClInclude Include="CConstantPool.hpp">
      <Filter>sdk\jvm_sdk</Filter>
    </ClInclude>
    <ClInclude Include="CInstanceKlass.hpp">
      <Filter>sdk\jvm_sdk</Filter>
    </ClInclude>
    <ClInclude Include="CJavaHook.hpp">
      <Filter>sdk\jvm_sdk</Filter>
    </ClInclude>
    <ClInclude Include="CMethod.hpp">
      <Filter>sdk\jvm_sdk</Filter>
    </ClInclude>
    <ClInclude Include="CSymbol.hpp">
      <Filter>sdk\jvm_sdk</Filter>
    </ClInclude>
    <ClInclude Include="minhook\buffer.h">
      <Filter>sdk\minhook</Filter>
    </ClInclude>
    <ClInclude Include="minhook\hde\hde32.h">
      <Filter>sdk\minhook</Filter>
    </ClInclude>
    <ClInclude Include="minhook\hde\hde64.h">
      <Filter>sdk\minhook</Filter>
    </ClInclude>
    <ClInclude Include="minhook\MinHook.h">
      <Filter>sdk\minhook</Filter>
    </ClInclude>
    <ClInclude Include="minhook\hde\pstdint.h">
      <Filter>sdk\minhook</Filter>
    </ClInclude>
    <ClInclude Include="minhook\hde\table32.h">
      <Filter>sdk\minhook</Filter>
    </ClInclude>
    <ClInclude Include="minhook\hde\table64.h">
      <Filter>sdk\minhook</Filter>
    </ClInclude>
    <ClInclude Include="minhook\trampoline.h">
      <Filter>sdk\minhook</Filter>
    </ClInclude>
    <ClInclude Include="jni.h">
      <Filter>sdk\jni</Filter>
    </ClInclude>
    <ClInclude Include="jni_md.h">
      <Filter>sdk\jni</Filter>
    </ClInclude>
    <ClInclude Include="jvmti.h">
      <Filter>sdk\jni</Filter>
    </ClInclude>
    <ClInclude Include="CMinecraft.hpp">
      <Filter>sdk\mc_sdk</Filter>
    </ClInclude>
    <ClInclude Include="CPlayer.hpp">
      <Filter>sdk\mc_sdk</Filter>
    </ClInclude>
    <ClInclude Include="CModule.hpp">
      <Filter>modules</Filter>
    </ClInclude>
    <ClInclude Include="CModuleManager.hpp">
      <Filter>modules</Filter>
    </ClInclude>
    <ClInclude Include="CEntityRenderer.hpp">
      <Filter>sdk\mc_sdk\renderer</Filter>
    </ClInclude>
    <ClInclude Include="CFontRenderer.hpp">
      <Filter>sdk\mc_sdk\renderer</Filter>
    </ClInclude>
    <ClInclude Include="CMovementInput.hpp">
      <Filter>sdk\mc_sdk\util</Filter>
    </ClInclude>
    <ClInclude Include="CMinecraftType.hpp">
      <Filter>sdk\mc_sdk\settings</Filter>
    </ClInclude>
    <ClInclude Include="MinecraftFontRenderer.hpp">
      <Filter>sdk\mc_sdk\renderer</Filter>
    </ClInclude>
    <ClInclude Include="CGameSettings.hpp">
      <Filter>sdk\mc_sdk\settings</Filter>
    </ClInclude>
    <ClInclude Include="CKeyBinding.hpp">
      <Filter>sdk\mc_sdk\settings</Filter>
    </ClInclude>
    <ClInclude Include="CIntelligentMappings.hpp">
      <Filter>sdk\mc_sdk\mappings</Filter>
    </ClInclude>
    <ClInclude Include="CSimpleEventSystem.hpp">
      <Filter>sdk\eventsystem</Filter>
    </ClInclude>
    <ClInclude Include="imgui\imstb_truetype.h">
      <Filter>sdk\imgui</Filter>
    </ClInclude>
    <ClInclude Include="imgui\imconfig.h">
      <Filter>sdk\imgui</Filter>
    </ClInclude>
    <ClInclude Include="imgui\imgui.h">
      <Filter>sdk\imgui</Filter>
    </ClInclude>
    <ClInclude Include="imgui\imgui_impl_opengl2.h">
      <Filter>sdk\imgui</Filter>
    </ClInclude>
    <ClInclude Include="imgui\imgui_impl_win32.h">
      <Filter>sdk\imgui</Filter>
    </ClInclude>
    <ClInclude Include="imgui\imgui_internal.h">
      <Filter>sdk\imgui</Filter>
    </ClInclude>
    <ClInclude Include="imgui\imstb_rectpack.h">
      <Filter>sdk\imgui</Filter>
    </ClInclude>
    <ClInclude Include="imgui\imstb_textedit.h">
      <Filter>sdk\imgui</Filter>
    </ClInclude>
    <ClInclude Include="CAirJumpModule.hpp">
      <Filter>modules\impl\movement</Filter>
    </ClInclude>
    <ClInclude Include="CFlyModule.hpp">
      <Filter>modules\impl\movement</Filter>
    </ClInclude>
    <ClInclude Include="CSpeedModule.hpp">
      <Filter>modules\impl\movement</Filter>
    </ClInclude>
    <ClInclude Include="CHUDModule.hpp">
      <Filter>modules\impl\render</Filter>
    </ClInclude>
    <ClInclude Include="CClickGUIModule.hpp">
      <Filter>modules\impl\render</Filter>
    </ClInclude>
    <ClInclude Include="CWorld.hpp">
      <Filter>sdk\mc_sdk</Filter>
    </ClInclude>
    <ClInclude Include="CPlayerController.hpp">
      <Filter>sdk\mc_sdk</Filter>
    </ClInclude>
    <ClInclude Include="CCheat.hpp">
      <Filter>main</Filter>
    </ClInclude>
    <ClInclude Include="common.h">
      <Filter>main</Filter>
    </ClInclude>
    <ClInclude Include="CUniqueReference.hpp">
      <Filter>main</Filter>
    </ClInclude>
    <ClInclude Include="CUtils.hpp">
      <Filter>main</Filter>
    </ClInclude>
    <ClInclude Include="CPatch.hpp">
      <Filter>sdk\util\Memory</Filter>
    </ClInclude>
    <ClInclude Include="CKillauraModule.hpp">
      <Filter>modules\impl\combat</Filter>
    </ClInclude>
    <ClInclude Include="xorstr.hpp">
      <Filter>sdk\util\obf</Filter>
    </ClInclude>
    <ClInclude Include="wrapper.h">
      <Filter>sdk\util</Filter>
    </ClInclude>
    <ClInclude Include="CSpiderModule.hpp">
      <Filter>modules\impl\movement</Filter>
    </ClInclude>
    <ClInclude Include="CClickerModule.hpp">
      <Filter>modules\impl\combat</Filter>
    </ClInclude>
    <ClInclude Include="CStrafeModule.hpp">
      <Filter>modules\impl\movement</Filter>
    </ClInclude>
    <ClInclude Include="mathUtil.h">
      <Filter>sdk\util\Math</Filter>
    </ClInclude>
    <ClInclude Include="CAimAssistModule.hpp">
      <Filter>modules\impl\combat</Filter>
    </ClInclude>
    <ClInclude Include="CAntiKBModule.hpp">
      <Filter>modules\impl\combat</Filter>
    </ClInclude>
    <ClInclude Include="CNoFallModule.hpp">
      <Filter>modules\impl\Misc</Filter>
    </ClInclude>
    <ClInclude Include="CJesusModule.hpp">
      <Filter>modules\impl\movement</Filter>
    </ClInclude>
    <ClInclude Include="CCriticalsModule.hpp">
      <Filter>modules\impl\combat</Filter>
    </ClInclude>
    <ClInclude Include="CTimerModule.hpp">
      <Filter>modules\impl\Misc</Filter>
    </ClInclude>
    <ClInclude Include="CTimer.h">
      <Filter>sdk\mc_sdk\util</Filter>
    </ClInclude>
  </ItemGroup>
  <ItemGroup>
    <ClCompile Include="dllmain.cpp">
      <Filter>main</Filter>
    </ClCompile>
    <ClCompile Include="minhook\buffer.c">
      <Filter>sdk\minhook</Filter>
    </ClCompile>
    <ClCompile Include="minhook\trampoline.c">
      <Filter>sdk\minhook</Filter>
    </ClCompile>
    <ClCompile Include="minhook\hde\hde64.c">
      <Filter>sdk\minhook</Filter>
    </ClCompile>
    <ClCompile Include="minhook\hde\hde32.c">
      <Filter>sdk\minhook</Filter>
    </ClCompile>
    <ClCompile Include="minhook\hook.c">
      <Filter>sdk\minhook</Filter>
    </ClCompile>
    <ClCompile Include="CUtils.cpp">
      <Filter>main</Filter>
    </ClCompile>
    <ClCompile Include="CPlayer.cpp">
      <Filter>sdk\mc_sdk</Filter>
    </ClCompile>
    <ClCompile Include="CCheat.cpp">
      <Filter>main</Filter>
    </ClCompile>
    <ClCompile Include="CModuleManager.cpp">
      <Filter>modules</Filter>
    </ClCompile>
    <ClCompile Include="CModule.cpp">
      <Filter>modules</Filter>
    </ClCompile>
    <ClCompile Include="CEntityRenderer.cpp">
      <Filter>sdk\mc_sdk\renderer</Filter>
    </ClCompile>
    <ClCompile Include="CFontRenderer.cpp">
      <Filter>sdk\mc_sdk\renderer</Filter>
    </ClCompile>
    <ClCompile Include="MinecraftFontRenderer.cpp">
      <Filter>sdk\mc_sdk\renderer</Filter>
    </ClCompile>
    <ClCompile Include="CGameSettings.cpp">
      <Filter>sdk\mc_sdk\settings</Filter>
    </ClCompile>
    <ClCompile Include="CIntelligentMappings.cpp">
      <Filter>sdk\mc_sdk\mappings</Filter>
    </ClCompile>
    <ClCompile Include="CKeyBinding.cpp">
      <Filter>sdk\mc_sdk\settings</Filter>
    </ClCompile>
    <ClCompile Include="CMinecraft.cpp">
      <Filter>sdk\mc_sdk</Filter>
    </ClCompile>
    <ClCompile Include="imgui\imgui.cpp">
      <Filter>sdk\imgui</Filter>
    </ClCompile>
    <ClCompile Include="imgui\imgui_draw.cpp">
      <Filter>sdk\imgui</Filter>
    </ClCompile>
    <ClCompile Include="imgui\imgui_impl_opengl2.cpp">
      <Filter>sdk\imgui</Filter>
    </ClCompile>
    <ClCompile Include="imgui\imgui_impl_win32.cpp">
      <Filter>sdk\imgui</Filter>
    </ClCompile>
    <ClCompile Include="imgui\imgui_widgets.cpp">
      <Filter>sdk\imgui</Filter>
    </ClCompile>
    <ClCompile Include="CAirJumpModule.cpp">
      <Filter>modules\impl\movement</Filter>
    </ClCompile>
    <ClCompile Include="CFlyModule.cpp">
      <Filter>modules\impl\movement</Filter>
    </ClCompile>
    <ClCompile Include="CSpeedModule.cpp">
      <Filter>modules\impl\movement</Filter>
    </ClCompile>
    <ClCompile Include="CHUDModule.cpp">
      <Filter>modules\impl\render</Filter>
    </ClCompile>
    <ClCompile Include="CClickGUIModule.cpp">
      <Filter>modules\impl\render</Filter>
    </ClCompile>
    <ClCompile Include="CMovementInput.cpp">
      <Filter>sdk\mc_sdk\util</Filter>
    </ClCompile>
    <ClCompile Include="CWorld.cpp">
      <Filter>sdk\mc_sdk</Filter>
    </ClCompile>
    <ClCompile Include="CPlayerController.cpp">
      <Filter>sdk\mc_sdk</Filter>
    </ClCompile>
    <ClCompile Include="CKillauraModule.cpp">
      <Filter>modules\impl\combat</Filter>
    </ClCompile>
    <ClCompile Include="CClickerModule.cpp">
      <Filter>modules\impl\combat</Filter>
    </ClCompile>
    <ClCompile Include="CSpiderModule.cpp">
      <Filter>modules\impl\movement</Filter>
    </ClCompile>
    <ClCompile Include="CStrafeModule.cpp">
      <Filter>modules\impl\movement</Filter>
    </ClCompile>
    <ClCompile Include="CAimAssistModule.cpp">
      <Filter>modules\impl\combat</Filter>
    </ClCompile>
    <ClCompile Include="CAntiKBModule.cpp">
      <Filter>modules\impl\combat</Filter>
    </ClCompile>
    <ClCompile Include="CAutoSprintModule.cpp">
      <Filter>modules\impl\movement</Filter>
    </ClCompile>
    <ClCompile Include="CNoFallModule.cpp">
      <Filter>modules\impl\Misc</Filter>
    </ClCompile>
    <ClCompile Include="CJesusModule.cpp">
      <Filter>modules\impl\movement</Filter>
    </ClCompile>
    <ClCompile Include="CCriticalsModule.cpp">
      <Filter>modules\impl\combat</Filter>
    </ClCompile>
    <ClCompile Include="CTimer.cpp">
      <Filter>sdk\mc_sdk\util</Filter>
    </ClCompile>
    <ClCompile Include="CTimerModule.cpp">
      <Filter>modules\impl\Misc</Filter>
    </ClCompile>
  </ItemGroup>
  <ItemGroup>
    <None Include="CAutoSprintModule.hpp">
      <Filter>modules\impl\movement</Filter>
    </None>
  </ItemGroup>
</Project>